// !$*UTF8*$!
{
	archiveVersion = 1;
	classes = {
	};
	objectVersion = 47;
	objects = {

/* Begin PBXBuildFile section */
		B05FE3311D1ED42600E49373 /* bst.cpp in Sources */ = {isa = PBXBuildFile; fileRef = B05FE3301D1ED42600E49373 /* bst.cpp */; };
		B05FE3351D21647C00E49373 /* avl.cpp in Sources */ = {isa = PBXBuildFile; fileRef = B05FE3331D21647C00E49373 /* avl.cpp */; };
		B084666F1D1C18AD0099ED66 /* main.cpp in Sources */ = {isa = PBXBuildFile; fileRef = B084666E1D1C18AD0099ED66 /* main.cpp */; };
		B0D1794F1D1E5534002B6291 /* binary_tree.cpp in Sources */ = {isa = PBXBuildFile; fileRef = B0D1794D1D1E5534002B6291 /* binary_tree.cpp */; };
/* End PBXBuildFile section */

/* Begin PBXCopyFilesBuildPhase section */
		B08466691D1C18AD0099ED66 /* CopyFiles */ = {
			isa = PBXCopyFilesBuildPhase;
			buildActionMask = 2147483647;
			dstPath = /usr/share/man/man1/;
			dstSubfolderSpec = 0;
			files = (
			);
			runOnlyForDeploymentPostprocessing = 1;
		};
/* End PBXCopyFilesBuildPhase section */

/* Begin PBXFileReference section */
		B05FE3301D1ED42600E49373 /* bst.cpp */ = {isa = PBXFileReference; fileEncoding = 4; lastKnownFileType = sourcecode.cpp.cpp; path = bst.cpp; sourceTree = "<group>"; };
		B05FE3331D21647C00E49373 /* avl.cpp */ = {isa = PBXFileReference; fileEncoding = 4; lastKnownFileType = sourcecode.cpp.cpp; path = avl.cpp; sourceTree = "<group>"; };
		B05FE3341D21647C00E49373 /* avl.hpp */ = {isa = PBXFileReference; fileEncoding = 4; lastKnownFileType = sourcecode.cpp.h; path = avl.hpp; sourceTree = "<group>"; };
		B084666B1D1C18AD0099ED66 /* algorithm */ = {isa = PBXFileReference; explicitFileType = "compiled.mach-o.executable"; includeInIndex = 0; path = algorithm; sourceTree = BUILT_PRODUCTS_DIR; };
		B084666E1D1C18AD0099ED66 /* main.cpp */ = {isa = PBXFileReference; lastKnownFileType = sourcecode.cpp.cpp; path = main.cpp; sourceTree = "<group>"; usesTabs = 1; };
		B0D1794C1D1E5052002B6291 /* binary_tree.hpp */ = {isa = PBXFileReference; lastKnownFileType = sourcecode.cpp.h; path = binary_tree.hpp; sourceTree = "<group>"; };
		B0D1794D1D1E5534002B6291 /* binary_tree.cpp */ = {isa = PBXFileReference; fileEncoding = 4; lastKnownFileType = sourcecode.cpp.cpp; path = binary_tree.cpp; sourceTree = "<group>"; };
		B0D179501D1E873B002B6291 /* binary_tree_node.hpp */ = {isa = PBXFileReference; lastKnownFileType = sourcecode.cpp.h; path = binary_tree_node.hpp; sourceTree = "<group>"; };
		B0D179531D1E8C75002B6291 /* bst.hpp */ = {isa = PBXFileReference; lastKnownFileType = sourcecode.cpp.h; path = bst.hpp; sourceTree = "<group>"; };
/* End PBXFileReference section */

/* Begin PBXFrameworksBuildPhase section */
		B08466681D1C18AD0099ED66 /* Frameworks */ = {
			isa = PBXFrameworksBuildPhase;
			buildActionMask = 2147483647;
			files = (
			);
			runOnlyForDeploymentPostprocessing = 0;
		};
/* End PBXFrameworksBuildPhase section */

/* Begin PBXGroup section */
		B05FE3321D21646B00E49373 /* avl */ = {
			isa = PBXGroup;
			children = (
				B05FE3331D21647C00E49373 /* avl.cpp */,
				B05FE3341D21647C00E49373 /* avl.hpp */,
			);
			name = avl;
			sourceTree = "<group>";
		};
		B08466621D1C18AD0099ED66 = {
			isa = PBXGroup;
			children = (
				B084666D1D1C18AD0099ED66 /* algorithm */,
				B084666C1D1C18AD0099ED66 /* Products */,
			);
			sourceTree = "<group>";
		};
		B084666C1D1C18AD0099ED66 /* Products */ = {
			isa = PBXGroup;
			children = (
				B084666B1D1C18AD0099ED66 /* algorithm */,
			);
			name = Products;
			sourceTree = "<group>";
		};
		B084666D1D1C18AD0099ED66 /* algorithm */ = {
			isa = PBXGroup;
			children = (
				B05FE3321D21646B00E49373 /* avl */,
				B0D179521D1E8C31002B6291 /* bst */,
				B0D179511D1E8C19002B6291 /* bintree */,
				B084666E1D1C18AD0099ED66 /* main.cpp */,
			);
			path = algorithm;
			sourceTree = "<group>";
		};
		B0D179511D1E8C19002B6291 /* bintree */ = {
			isa = PBXGroup;
			children = (
				B0D1794C1D1E5052002B6291 /* binary_tree.hpp */,
				B0D1794D1D1E5534002B6291 /* binary_tree.cpp */,
				B0D179501D1E873B002B6291 /* binary_tree_node.hpp */,
			);
			name = bintree;
			sourceTree = "<group>";
		};
		B0D179521D1E8C31002B6291 /* bst */ = {
			isa = PBXGroup;
			children = (
				B0D179531D1E8C75002B6291 /* bst.hpp */,
				B05FE3301D1ED42600E49373 /* bst.cpp */,
			);
			name = bst;
			sourceTree = "<group>";
		};
/* End PBXGroup section */

/* Begin PBXNativeTarget section */
		B084666A1D1C18AD0099ED66 /* algorithm */ = {
			isa = PBXNativeTarget;
			buildConfigurationList = B08466721D1C18AD0099ED66 /* Build configuration list for PBXNativeTarget "algorithm" */;
			buildPhases = (
				B08466671D1C18AD0099ED66 /* Sources */,
				B08466681D1C18AD0099ED66 /* Frameworks */,
				B08466691D1C18AD0099ED66 /* CopyFiles */,
			);
			buildRules = (
			);
			dependencies = (
			);
			name = algorithm;
			productName = algorithm;
			productReference = B084666B1D1C18AD0099ED66 /* algorithm */;
			productType = "com.apple.product-type.tool";
		};
/* End PBXNativeTarget section */

/* Begin PBXProject section */
		B08466631D1C18AD0099ED66 /* Project object */ = {
			isa = PBXProject;
			attributes = {
				LastUpgradeCheck = 0730;
				ORGANIZATIONNAME = acoross;
				TargetAttributes = {
					B084666A1D1C18AD0099ED66 = {
						CreatedOnToolsVersion = 7.3.1;
					};
				};
			};
			buildConfigurationList = B08466661D1C18AD0099ED66 /* Build configuration list for PBXProject "algorithm" */;
			compatibilityVersion = "Xcode 6.3";
			developmentRegion = English;
			hasScannedForEncodings = 0;
			knownRegions = (
				en,
			);
			mainGroup = B08466621D1C18AD0099ED66;
			productRefGroup = B084666C1D1C18AD0099ED66 /* Products */;
			projectDirPath = "";
			projectRoot = "";
			targets = (
				B084666A1D1C18AD0099ED66 /* algorithm */,
			);
		};
/* End PBXProject section */

/* Begin PBXSourcesBuildPhase section */
		B08466671D1C18AD0099ED66 /* Sources */ = {
			isa = PBXSourcesBuildPhase;
			buildActionMask = 2147483647;
			files = (
				B05FE3311D1ED42600E49373 /* bst.cpp in Sources */,
				B0D1794F1D1E5534002B6291 /* binary_tree.cpp in Sources */,
				B084666F1D1C18AD0099ED66 /* main.cpp in Sources */,
				B05FE3351D21647C00E49373 /* avl.cpp in Sources */,
			);
			runOnlyForDeploymentPostprocessing = 0;
		};
/* End PBXSourcesBuildPhase section */

/* Begin XCBuildConfiguration section */
		B08466701D1C18AD0099ED66 /* Debug */ = {
			isa = XCBuildConfiguration;
			buildSettings = {
				ALWAYS_SEARCH_USER_PATHS = NO;
				CLANG_ANALYZER_NONNULL = YES;
				CLANG_CXX_LANGUAGE_STANDARD = "gnu++0x";
				CLANG_CXX_LIBRARY = "libc++";
				CLANG_ENABLE_MODULES = YES;
				CLANG_ENABLE_OBJC_ARC = YES;
				CLANG_WARN_BOOL_CONVERSION = YES;
				CLANG_WARN_CONSTANT_CONVERSION = YES;
				CLANG_WARN_DIRECT_OBJC_ISA_USAGE = YES_ERROR;
				CLANG_WARN_EMPTY_BODY = YES;
				CLANG_WARN_ENUM_CONVERSION = YES;
				CLANG_WARN_INT_CONVERSION = YES;
				CLANG_WARN_OBJC_ROOT_CLASS = YES_ERROR;
				CLANG_WARN_UNREACHABLE_CODE = YES;
				CLANG_WARN__DUPLICATE_METHOD_MATCH = YES;
				CODE_SIGN_IDENTITY = "-";
				COPY_PHASE_STRIP = NO;
				DEBUG_INFORMATION_FORMAT = dwarf;
				ENABLE_STRICT_OBJC_MSGSEND = YES;
				ENABLE_TESTABILITY = YES;
				GCC_C_LANGUAGE_STANDARD = gnu99;
				GCC_DYNAMIC_NO_PIC = NO;
				GCC_NO_COMMON_BLOCKS = YES;
				GCC_OPTIMIZATION_LEVEL = 0;
				GCC_PREPROCESSOR_DEFINITIONS = (
					"DEBUG=1",
					"$(inherited)",
				);
				GCC_WARN_64_TO_32_BIT_CONVERSION = YES;
				GCC_WARN_ABOUT_RETURN_TYPE = YES_ERROR;
				GCC_WARN_UNDECLARED_SELECTOR = YES;
				GCC_WARN_UNINITIALIZED_AUTOS = YES_AGGRESSIVE;
				GCC_WARN_UNUSED_FUNCTION = YES;
				GCC_WARN_UNUSED_VARIABLE = YES;
				MACOSX_DEPLOYMENT_TARGET = 10.11;
				MTL_ENABLE_DEBUG_INFO = YES;
				ONLY_ACTIVE_ARCH = YES;
				SDKROOT = macosx;
			};
			name = Debug;
		};
		B08466711D1C18AD0099ED66 /* Release */ = {
			isa = XCBuildConfiguration;
			buildSettings = {
				ALWAYS_SEARCH_USER_PATHS = NO;
				CLANG_ANALYZER_NONNULL = YES;
				CLANG_CXX_LANGUAGE_STANDARD = "gnu++0x";
				CLANG_CXX_LIBRARY = "libc++";
				CLANG_ENABLE_MODULES = YES;
				CLANG_ENABLE_OBJC_ARC = YES;
				CLANG_WARN_BOOL_CONVERSION = YES;
				CLANG_WARN_CONSTANT_CONVERSION = YES;
				CLANG_WARN_DIRECT_OBJC_ISA_USAGE = YES_ERROR;
				CLANG_WARN_EMPTY_BODY = YES;
				CLANG_WARN_ENUM_CONVERSION = YES;
				CLANG_WARN_INT_CONVERSION = YES;
				CLANG_WARN_OBJC_ROOT_CLASS = YES_ERROR;
				CLANG_WARN_UNREACHABLE_CODE = YES;
				CLANG_WARN__DUPLICATE_METHOD_MATCH = YES;
				CODE_SIGN_IDENTITY = "-";
				COPY_PHASE_STRIP = NO;
				DEBUG_INFORMATION_FORMAT = "dwarf-with-dsym";
				ENABLE_NS_ASSERTIONS = NO;
				ENABLE_STRICT_OBJC_MSGSEND = YES;
				GCC_C_LANGUAGE_STANDARD = gnu99;
				GCC_NO_COMMON_BLOCKS = YES;
				GCC_WARN_64_TO_32_BIT_CONVERSION = YES;
				GCC_WARN_ABOUT_RETURN_TYPE = YES_ERROR;
				GCC_WARN_UNDECLARED_SELECTOR = YES;
				GCC_WARN_UNINITIALIZED_AUTOS = YES_AGGRESSIVE;
				GCC_WARN_UNUSED_FUNCTION = YES;
				GCC_WARN_UNUSED_VARIABLE = YES;
				MACOSX_DEPLOYMENT_TARGET = 10.11;
				MTL_ENABLE_DEBUG_INFO = NO;
				SDKROOT = macosx;
			};
			name = Release;
		};
		B08466731D1C18AD0099ED66 /* Debug */ = {
			isa = XCBuildConfiguration;
			buildSettings = {
				CLANG_CXX_LANGUAGE_STANDARD = "gnu++14";
				CLANG_CXX_LIBRARY = "compiler-default";
				GCC_C_LANGUAGE_STANDARD = "compiler-default";
				PRECOMPS_INCLUDE_HEADERS_FROM_BUILT_PRODUCTS_DIR = NO;
				PRODUCT_NAME = "$(TARGET_NAME)";
			};
			name = Debug;
		};
		B08466741D1C18AD0099ED66 /* Release */ = {
			isa = XCBuildConfiguration;
			buildSettings = {
				CLANG_CXX_LANGUAGE_STANDARD = "gnu++14";
				CLANG_CXX_LIBRARY = "compiler-default";
				GCC_C_LANGUAGE_STANDARD = "compiler-default";
				PRECOMPS_INCLUDE_HEADERS_FROM_BUILT_PRODUCTS_DIR = NO;
				PRODUCT_NAME = "$(TARGET_NAME)";
			};
			name = Release;
		};
/* End XCBuildConfiguration section */

/* Begin XCConfigurationList section */
		B08466661D1C18AD0099ED66 /* Build configuration list for PBXProject "algorithm" */ = {
			isa = XCConfigurationList;
			buildConfigurations = (
				B08466701D1C18AD0099ED66 /* Debug */,
				B08466711D1C18AD0099ED66 /* Release */,
			);
			defaultConfigurationIsVisible = 0;
			defaultConfigurationName = Release;
		};
		B08466721D1C18AD0099ED66 /* Build configuration list for PBXNativeTarget "algorithm" */ = {
			isa = XCConfigurationList;
			buildConfigurations = (
				B08466731D1C18AD0099ED66 /* Debug */,
				B08466741D1C18AD0099ED66 /* Release */,
			);
			defaultConfigurationIsVisible = 0;
			defaultConfigurationName = Release;
		};
/* End XCConfigurationList section */
	};
	rootObject = B08466631D1C18AD0099ED66 /* Project object */;
}
